
Microsoft Visual Studio Solution File, Format Version 12.00
# Visual Studio Version 16
VisualStudioVersion = 16.0.32126.315
MinimumVisualStudioVersion = 10.0.40219.1
Project("{FAE04EC0-301F-11D3-BF4B-00C04F79EFBC}") = "PersonalityTest", "PersonalityTest\PersonalityTest.csproj", "{79909D6D-A3F6-462F-BF45-28F7AA17FB7E}"
EndProject
Project("{FAE04EC0-301F-11D3-BF4B-00C04F79EFBC}") = "PersonalityTestSwitch", "PersonalityTestSwitch\PersonalityTestSwitch.csproj", "{300769D9-D4A2-402D-9F50-22215EAFC8A0}"
EndProject
Project("{FAE04EC0-301F-11D3-BF4B-00C04F79EFBC}") = "GradingIF", "GradingIF\GradingIF.csproj", "{5B2201F6-C39C-4EF6-9531-DAF1BB029B43}"
EndProject
Project("{FAE04EC0-301F-11D3-BF4B-00C04F79EFBC}") = "GradingSwitch", "GradingSwitch\GradingSwitch.csproj", "{06C6B0A0-B435-4798-8F33-AE14AC04ACA6}"
EndProject
Project("{FAE04EC0-301F-11D3-BF4B-00C04F79EFBC}") = "CatsAnd Dogs", "CatsAnd Dogs\CatsAnd Dogs.csproj", "{FA5AAA58-12C0-4826-9643-C26CA1D4C92B}"
EndProject
Global
	GlobalSection(SolutionConfigurationPlatforms) = preSolution
		Debug|Any CPU = Debug|Any CPU
		Release|Any CPU = Release|Any CPU
	EndGlobalSection
	GlobalSection(ProjectConfigurationPlatforms) = postSolution
		{79909D6D-A3F6-462F-BF45-28F7AA17FB7E}.Debug|Any CPU.ActiveCfg = Debug|Any CPU
		{79909D6D-A3F6-462F-BF45-28F7AA17FB7E}.Debug|Any CPU.Build.0 = Debug|Any CPU
		{79909D6D-A3F6-462F-BF45-28F7AA17FB7E}.Release|Any CPU.ActiveCfg = Release|Any CPU
		{79909D6D-A3F6-462F-BF45-28F7AA17FB7E}.Release|Any CPU.Build.0 = Release|Any CPU
		{300769D9-D4A2-402D-9F50-22215EAFC8A0}.Debug|Any CPU.ActiveCfg = Debug|Any CPU
		{300769D9-D4A2-402D-9F50-22215EAFC8A0}.Debug|Any CPU.Build.0 = Debug|Any CPU
		{300769D9-D4A2-402D-9F50-22215EAFC8A0}.Release|Any CPU.ActiveCfg = Release|Any CPU
		{300769D9-D4A2-402D-9F50-22215EAFC8A0}.Release|Any CPU.Build.0 = Release|Any CPU
		{5B2201F6-C39C-4EF6-9531-DAF1BB029B43}.Debug|Any CPU.ActiveCfg = Debug|Any CPU
		{5B2201F6-C39C-4EF6-9531-DAF1BB029B43}.Debug|Any CPU.Build.0 = Debug|Any CPU
		{5B2201F6-C39C-4EF6-9531-DAF1BB029B43}.Release|Any CPU.ActiveCfg = Release|Any CPU
		{5B2201F6-C39C-4EF6-9531-DAF1BB029B43}.Release|Any CPU.Build.0 = Release|Any CPU
		{06C6B0A0-B435-4798-8F33-AE14AC04ACA6}.Debug|Any CPU.ActiveCfg = Debug|Any CPU
		{06C6B0A0-B435-4798-8F33-AE14AC04ACA6}.Debug|Any CPU.Build.0 = Debug|Any CPU
		{06C6B0A0-B435-4798-8F33-AE14AC04ACA6}.Release|Any CPU.ActiveCfg = Release|Any CPU
		{06C6B0A0-B435-4798-8F33-AE14AC04ACA6}.Release|Any CPU.Build.0 = Release|Any CPU
		{FA5AAA58-12C0-4826-9643-C26CA1D4C92B}.Debug|Any CPU.ActiveCfg = Debug|Any CPU
		{FA5AAA58-12C0-4826-9643-C26CA1D4C92B}.Debug|Any CPU.Build.0 = Debug|Any CPU
		{FA5AAA58-12C0-4826-9643-C26CA1D4C92B}.Release|Any CPU.ActiveCfg = Release|Any CPU
		{FA5AAA58-12C0-4826-9643-C26CA1D4C92B}.Release|Any CPU.Build.0 = Release|Any CPU
	EndGlobalSection
	GlobalSection(SolutionProperties) = preSolution
		HideSolutionNode = FALSE
	EndGlobalSection
	GlobalSection(ExtensibilityGlobals) = postSolution
		SolutionGuid = {B958D895-5B19-4266-BAAA-49E0BEB81765}
	EndGlobalSection
EndGlobal
